PODS:
  - Alamofire (5.8.1)
  - Kingfisher (7.10.2)
  - Moya (15.0.0):
    - Moya/Core (= 15.0.0)
  - Moya/Core (15.0.0):
    - Alamofire (~> 5.0)
  - youtube-ios-player-helper (1.0.4)

DEPENDENCIES:
  - Kingfisher (~> 7.0)
  - Moya (~> 15.0)
  - youtube-ios-player-helper

SPEC REPOS:
  trunk:
    - Alamofire
    - Kingfisher
    - Moya
    - youtube-ios-player-helper

SPEC CHECKSUMS:
  Alamofire: 3ca42e259043ee0dc5c0cdd76c4bc568b8e42af7
  Kingfisher: 99edc495d3b7607e6425f0d6f6847b2abd6d716d
  Moya: 138f0573e53411fb3dc17016add0b748dfbd78ee
  youtube-ios-player-helper: e9b97535e816db3152179d84d999bc1807ecd689

PODFILE CHECKSUM: 73e1ef4d71070bd100524730f6485292ba10dcd9

COCOAPODS: 1.10.1
